
Microsoft Visual Studio Solution File, Format Version 12.00
# Visual Studio Version 17
VisualStudioVersion = 17.2.32526.322
MinimumVisualStudioVersion = 10.0.40219.1
Project("{FAE04EC0-301F-11D3-BF4B-00C04F79EFBC}") = "Demo_Adonet_Project", "Demo_Adonet_Project\Demo_Adonet_Project.csproj", "{B3460B95-C7FD-4422-8116-15F3E79217AA}"
EndProject
Global
	GlobalSection(SolutionConfigurationPlatforms) = preSolution
		Debug|Any CPU = Debug|Any CPU
		Release|Any CPU = Release|Any CPU
	EndGlobalSection
	GlobalSection(ProjectConfigurationPlatforms) = postSolution
		{B3460B95-C7FD-4422-8116-15F3E79217AA}.Debug|Any CPU.ActiveCfg = Debug|Any CPU
		{B3460B95-C7FD-4422-8116-15F3E79217AA}.Debug|Any CPU.Build.0 = Debug|Any CPU
		{B3460B95-C7FD-4422-8116-15F3E79217AA}.Release|Any CPU.ActiveCfg = Release|Any CPU
		{B3460B95-C7FD-4422-8116-15F3E79217AA}.Release|Any CPU.Build.0 = Release|Any CPU
	EndGlobalSection
	GlobalSection(SolutionProperties) = preSolution
		HideSolutionNode = FALSE
	EndGlobalSection
	GlobalSection(ExtensibilityGlobals) = postSolution
		SolutionGuid = {5C9B1F5F-304B-4F64-B524-339875EC270B}
	EndGlobalSection
EndGlobal
